
Microsoft Visual Studio Solution File, Format Version 12.00
# Visual Studio Version 16
VisualStudioVersion = 16.0.28803.352
MinimumVisualStudioVersion = 10.0.40219.1
Project("{FAE04EC0-301F-11D3-BF4B-00C04F79EFBC}") = "ConsoleTestConvertions", "ConsoleTestConvertions.csproj", "{24C4AA8B-3359-46F6-BB70-A1A05C763E13}"
EndProject
Global
	GlobalSection(SolutionConfigurationPlatforms) = preSolution
		Debug|Any CPU = Debug|Any CPU
		Release|Any CPU = Release|Any CPU
	EndGlobalSection
	GlobalSection(ProjectConfigurationPlatforms) = postSolution
		{24C4AA8B-3359-46F6-BB70-A1A05C763E13}.Debug|Any CPU.ActiveCfg = Debug|Any CPU
		{24C4AA8B-3359-46F6-BB70-A1A05C763E13}.Debug|Any CPU.Build.0 = Debug|Any CPU
		{24C4AA8B-3359-46F6-BB70-A1A05C763E13}.Release|Any CPU.ActiveCfg = Release|Any CPU
		{24C4AA8B-3359-46F6-BB70-A1A05C763E13}.Release|Any CPU.Build.0 = Release|Any CPU
	EndGlobalSection
	GlobalSection(SolutionProperties) = preSolution
		HideSolutionNode = FALSE
	EndGlobalSection
	GlobalSection(ExtensibilityGlobals) = postSolution
		SolutionGuid = {2A4A2222-7335-4F74-B746-30D65314B230}
	EndGlobalSection
EndGlobal
